
Microsoft Visual Studio Solution File, Format Version 12.00
# Visual Studio Version 16
VisualStudioVersion = 16.0.29920.165
MinimumVisualStudioVersion = 10.0.40219.1
Project("{9A19103F-16F7-4668-BE54-9A1E7A4F7556}") = "Minesweeper.Framework", "Minesweeper.Framework\Minesweeper.Framework.csproj", "{33F067C8-BA32-45E4-91A4-B63C962E7584}"
EndProject
Project("{9A19103F-16F7-4668-BE54-9A1E7A4F7556}") = "Minesweeper.DesktopGL", "Minesweeper.DesktopGL\Minesweeper.DesktopGL.csproj", "{8E13E9EB-C757-42B8-8703-AE13E11DA30D}"
EndProject
Project("{2150E333-8FDC-42A3-9474-1A3956D46DE8}") = "Solution Items", "Solution Items", "{CD89356D-D3A5-4FF0-8E49-16B6B15C9324}"
	ProjectSection(SolutionItems) = preProject
		Content\Content.mgcb = Content\Content.mgcb
	EndProjectSection
EndProject
Global
	GlobalSection(SolutionConfigurationPlatforms) = preSolution
		Debug|Any CPU = Debug|Any CPU
		Release|Any CPU = Release|Any CPU
	EndGlobalSection
	GlobalSection(ProjectConfigurationPlatforms) = postSolution
		{33F067C8-BA32-45E4-91A4-B63C962E7584}.Debug|Any CPU.ActiveCfg = Debug|Any CPU
		{33F067C8-BA32-45E4-91A4-B63C962E7584}.Debug|Any CPU.Build.0 = Debug|Any CPU
		{33F067C8-BA32-45E4-91A4-B63C962E7584}.Release|Any CPU.ActiveCfg = Release|Any CPU
		{33F067C8-BA32-45E4-91A4-B63C962E7584}.Release|Any CPU.Build.0 = Release|Any CPU
		{8E13E9EB-C757-42B8-8703-AE13E11DA30D}.Debug|Any CPU.ActiveCfg = Debug|Any CPU
		{8E13E9EB-C757-42B8-8703-AE13E11DA30D}.Debug|Any CPU.Build.0 = Debug|Any CPU
		{8E13E9EB-C757-42B8-8703-AE13E11DA30D}.Release|Any CPU.ActiveCfg = Release|Any CPU
		{8E13E9EB-C757-42B8-8703-AE13E11DA30D}.Release|Any CPU.Build.0 = Release|Any CPU
	EndGlobalSection
	GlobalSection(SolutionProperties) = preSolution
		HideSolutionNode = FALSE
	EndGlobalSection
	GlobalSection(ExtensibilityGlobals) = postSolution
		SolutionGuid = {ED90B57B-0F06-4225-9AA8-78FAC9CEC73F}
	EndGlobalSection
EndGlobal
